
Microsoft Visual Studio Solution File, Format Version 12.00
# Visual Studio 2013
VisualStudioVersion = 12.0.31101.0
MinimumVisualStudioVersion = 10.0.40219.1
Project("{FAE04EC0-301F-11D3-BF4B-00C04F79EFBC}") = "SignalRChat", "SignalRChat\SignalRChat.csproj", "{8ABF8AB4-396F-4098-8905-76344951DE25}"
EndProject
Project("{FAE04EC0-301F-11D3-BF4B-00C04F79EFBC}") = "SignalRChat.WPF", "SignalRChat.WPF\SignalRChat.WPF.csproj", "{1EFE706F-4625-47D8-B883-E0012EEAAE54}"
EndProject
Project("{FAE04EC0-301F-11D3-BF4B-00C04F79EFBC}") = "SignalRChat.Mobile", "SignalRChat.Mobile\SignalRChat.Mobile\SignalRChat.Mobile.csproj", "{7643C4E2-1191-47B2-84B7-89415AEFBA99}"
EndProject
Project("{FAE04EC0-301F-11D3-BF4B-00C04F79EFBC}") = "SignalRChat.Mobile.iOS", "SignalRChat.Mobile\SignalRChat.Mobile.iOS\SignalRChat.Mobile.iOS.csproj", "{5B87C87E-2FF9-4856-9144-077DDD663921}"
EndProject
Project("{FAE04EC0-301F-11D3-BF4B-00C04F79EFBC}") = "SignalRChat.Mobile.Droid", "SignalRChat.Mobile\SignalRChat.Mobile.Droid\SignalRChat.Mobile.Droid.csproj", "{E6961890-5C45-4674-96F5-F6AB09BE5C5A}"
EndProject
Project("{FAE04EC0-301F-11D3-BF4B-00C04F79EFBC}") = "SignalRChat.Mobile.WinPhone", "SignalRChat.Mobile\SignalRChat.Mobile.WinPhone\SignalRChat.Mobile.WinPhone.csproj", "{DD8CFCFC-D40B-4876-AFDE-1CDE19DCC9A0}"
EndProject
Global
	GlobalSection(SolutionConfigurationPlatforms) = preSolution
		Ad-Hoc|Any CPU = Ad-Hoc|Any CPU
		Ad-Hoc|ARM = Ad-Hoc|ARM
		Ad-Hoc|iPhone = Ad-Hoc|iPhone
		Ad-Hoc|iPhoneSimulator = Ad-Hoc|iPhoneSimulator
		Ad-Hoc|Mixed Platforms = Ad-Hoc|Mixed Platforms
		Ad-Hoc|x86 = Ad-Hoc|x86
		AppStore|Any CPU = AppStore|Any CPU
		AppStore|ARM = AppStore|ARM
		AppStore|iPhone = AppStore|iPhone
		AppStore|iPhoneSimulator = AppStore|iPhoneSimulator
		AppStore|Mixed Platforms = AppStore|Mixed Platforms
		AppStore|x86 = AppStore|x86
		Debug|Any CPU = Debug|Any CPU
		Debug|ARM = Debug|ARM
		Debug|iPhone = Debug|iPhone
		Debug|iPhoneSimulator = Debug|iPhoneSimulator
		Debug|Mixed Platforms = Debug|Mixed Platforms
		Debug|x86 = Debug|x86
		Release|Any CPU = Release|Any CPU
		Release|ARM = Release|ARM
		Release|iPhone = Release|iPhone
		Release|iPhoneSimulator = Release|iPhoneSimulator
		Release|Mixed Platforms = Release|Mixed Platforms
		Release|x86 = Release|x86
	EndGlobalSection
	GlobalSection(ProjectConfigurationPlatforms) = postSolution
		{8ABF8AB4-396F-4098-8905-76344951DE25}.Ad-Hoc|Any CPU.ActiveCfg = Release|Any CPU
		{8ABF8AB4-396F-4098-8905-76344951DE25}.Ad-Hoc|Any CPU.Build.0 = Release|Any CPU
		{8ABF8AB4-396F-4098-8905-76344951DE25}.Ad-Hoc|ARM.ActiveCfg = Release|Any CPU
		{8ABF8AB4-396F-4098-8905-76344951DE25}.Ad-Hoc|iPhone.ActiveCfg = Release|Any CPU
		{8ABF8AB4-396F-4098-8905-76344951DE25}.Ad-Hoc|iPhoneSimulator.ActiveCfg = Release|Any CPU
		{8ABF8AB4-396F-4098-8905-76344951DE25}.Ad-Hoc|Mixed Platforms.ActiveCfg = Release|Any CPU
		{8ABF8AB4-396F-4098-8905-76344951DE25}.Ad-Hoc|Mixed Platforms.Build.0 = Release|Any CPU
		{8ABF8AB4-396F-4098-8905-76344951DE25}.Ad-Hoc|x86.ActiveCfg = Release|Any CPU
		{8ABF8AB4-396F-4098-8905-76344951DE25}.AppStore|Any CPU.ActiveCfg = Release|Any CPU
		{8ABF8AB4-396F-4098-8905-76344951DE25}.AppStore|Any CPU.Build.0 = Release|Any CPU
		{8ABF8AB4-396F-4098-8905-76344951DE25}.AppStore|ARM.ActiveCfg = Release|Any CPU
		{8ABF8AB4-396F-4098-8905-76344951DE25}.AppStore|iPhone.ActiveCfg = Release|Any CPU
		{8ABF8AB4-396F-4098-8905-76344951DE25}.AppStore|iPhoneSimulator.ActiveCfg = Release|Any CPU
		{8ABF8AB4-396F-4098-8905-76344951DE25}.AppStore|Mixed Platforms.ActiveCfg = Release|Any CPU
		{8ABF8AB4-396F-4098-8905-76344951DE25}.AppStore|Mixed Platforms.Build.0 = Release|Any CPU
		{8ABF8AB4-396F-4098-8905-76344951DE25}.AppStore|x86.ActiveCfg = Release|Any CPU
		{8ABF8AB4-396F-4098-8905-76344951DE25}.Debug|Any CPU.ActiveCfg = Debug|Any CPU
		{8ABF8AB4-396F-4098-8905-76344951DE25}.Debug|Any CPU.Build.0 = Debug|Any CPU
		{8ABF8AB4-396F-4098-8905-76344951DE25}.Debug|ARM.ActiveCfg = Debug|Any CPU
		{8ABF8AB4-396F-4098-8905-76344951DE25}.Debug|iPhone.ActiveCfg = Debug|Any CPU
		{8ABF8AB4-396F-4098-8905-76344951DE25}.Debug|iPhoneSimulator.ActiveCfg = Debug|Any CPU
		{8ABF8AB4-396F-4098-8905-76344951DE25}.Debug|Mixed Platforms.ActiveCfg = Debug|Any CPU
		{8ABF8AB4-396F-4098-8905-76344951DE25}.Debug|Mixed Platforms.Build.0 = Debug|Any CPU
		{8ABF8AB4-396F-4098-8905-76344951DE25}.Debug|x86.ActiveCfg = Debug|Any CPU
		{8ABF8AB4-396F-4098-8905-76344951DE25}.Release|Any CPU.ActiveCfg = Release|Any CPU
		{8ABF8AB4-396F-4098-8905-76344951DE25}.Release|Any CPU.Build.0 = Release|Any CPU
		{8ABF8AB4-396F-4098-8905-76344951DE25}.Release|ARM.ActiveCfg = Release|Any CPU
		{8ABF8AB4-396F-4098-8905-76344951DE25}.Release|iPhone.ActiveCfg = Release|Any CPU
		{8ABF8AB4-396F-4098-8905-76344951DE25}.Release|iPhoneSimulator.ActiveCfg = Release|Any CPU
		{8ABF8AB4-396F-4098-8905-76344951DE25}.Release|Mixed Platforms.ActiveCfg = Release|Any CPU
		{8ABF8AB4-396F-4098-8905-76344951DE25}.Release|Mixed Platforms.Build.0 = Release|Any CPU
		{8ABF8AB4-396F-4098-8905-76344951DE25}.Release|x86.ActiveCfg = Release|Any CPU
		{1EFE706F-4625-47D8-B883-E0012EEAAE54}.Ad-Hoc|Any CPU.ActiveCfg = Release|Any CPU
		{1EFE706F-4625-47D8-B883-E0012EEAAE54}.Ad-Hoc|Any CPU.Build.0 = Release|Any CPU
		{1EFE706F-4625-47D8-B883-E0012EEAAE54}.Ad-Hoc|ARM.ActiveCfg = Release|Any CPU
		{1EFE706F-4625-47D8-B883-E0012EEAAE54}.Ad-Hoc|iPhone.ActiveCfg = Release|Any CPU
		{1EFE706F-4625-47D8-B883-E0012EEAAE54}.Ad-Hoc|iPhoneSimulator.ActiveCfg = Release|Any CPU
		{1EFE706F-4625-47D8-B883-E0012EEAAE54}.Ad-Hoc|Mixed Platforms.ActiveCfg = Release|Any CPU
		{1EFE706F-4625-47D8-B883-E0012EEAAE54}.Ad-Hoc|Mixed Platforms.Build.0 = Release|Any CPU
		{1EFE706F-4625-47D8-B883-E0012EEAAE54}.Ad-Hoc|x86.ActiveCfg = Release|Any CPU
		{1EFE706F-4625-47D8-B883-E0012EEAAE54}.AppStore|Any CPU.ActiveCfg = Release|Any CPU
		{1EFE706F-4625-47D8-B883-E0012EEAAE54}.AppStore|Any CPU.Build.0 = Release|Any CPU
		{1EFE706F-4625-47D8-B883-E0012EEAAE54}.AppStore|ARM.ActiveCfg = Release|Any CPU
		{1EFE706F-4625-47D8-B883-E0012EEAAE54}.AppStore|iPhone.ActiveCfg = Release|Any CPU
		{1EFE706F-4625-47D8-B883-E0012EEAAE54}.AppStore|iPhoneSimulator.ActiveCfg = Release|Any CPU
		{1EFE706F-4625-47D8-B883-E0012EEAAE54}.AppStore|Mixed Platforms.ActiveCfg = Release|Any CPU
		{1EFE706F-4625-47D8-B883-E0012EEAAE54}.AppStore|Mixed Platforms.Build.0 = Release|Any CPU
		{1EFE706F-4625-47D8-B883-E0012EEAAE54}.AppStore|x86.ActiveCfg = Release|Any CPU
		{1EFE706F-4625-47D8-B883-E0012EEAAE54}.Debug|Any CPU.ActiveCfg = Debug|Any CPU
		{1EFE706F-4625-47D8-B883-E0012EEAAE54}.Debug|Any CPU.Build.0 = Debug|Any CPU
		{1EFE706F-4625-47D8-B883-E0012EEAAE54}.Debug|ARM.ActiveCfg = Debug|Any CPU
		{1EFE706F-4625-47D8-B883-E0012EEAAE54}.Debug|iPhone.ActiveCfg = Debug|Any CPU
		{1EFE706F-4625-47D8-B883-E0012EEAAE54}.Debug|iPhoneSimulator.ActiveCfg = Debug|Any CPU
		{1EFE706F-4625-47D8-B883-E0012EEAAE54}.Debug|Mixed Platforms.ActiveCfg = Debug|Any CPU
		{1EFE706F-4625-47D8-B883-E0012EEAAE54}.Debug|Mixed Platforms.Build.0 = Debug|Any CPU
		{1EFE706F-4625-47D8-B883-E0012EEAAE54}.Debug|x86.ActiveCfg = Debug|Any CPU
		{1EFE706F-4625-47D8-B883-E0012EEAAE54}.Release|Any CPU.ActiveCfg = Release|Any CPU
		{1EFE706F-4625-47D8-B883-E0012EEAAE54}.Release|Any CPU.Build.0 = Release|Any CPU
		{1EFE706F-4625-47D8-B883-E0012EEAAE54}.Release|ARM.ActiveCfg = Release|Any CPU
		{1EFE706F-4625-47D8-B883-E0012EEAAE54}.Release|iPhone.ActiveCfg = Release|Any CPU
		{1EFE706F-4625-47D8-B883-E0012EEAAE54}.Release|iPhoneSimulator.ActiveCfg = Release|Any CPU
		{1EFE706F-4625-47D8-B883-E0012EEAAE54}.Release|Mixed Platforms.ActiveCfg = Release|Any CPU
		{1EFE706F-4625-47D8-B883-E0012EEAAE54}.Release|Mixed Platforms.Build.0 = Release|Any CPU
		{1EFE706F-4625-47D8-B883-E0012EEAAE54}.Release|x86.ActiveCfg = Release|Any CPU
		{7643C4E2-1191-47B2-84B7-89415AEFBA99}.Ad-Hoc|Any CPU.ActiveCfg = Release|Any CPU
		{7643C4E2-1191-47B2-84B7-89415AEFBA99}.Ad-Hoc|Any CPU.Build.0 = Release|Any CPU
		{7643C4E2-1191-47B2-84B7-89415AEFBA99}.Ad-Hoc|ARM.ActiveCfg = Release|Any CPU
		{7643C4E2-1191-47B2-84B7-89415AEFBA99}.Ad-Hoc|iPhone.ActiveCfg = Release|Any CPU
		{7643C4E2-1191-47B2-84B7-89415AEFBA99}.Ad-Hoc|iPhoneSimulator.ActiveCfg = Release|Any CPU
		{7643C4E2-1191-47B2-84B7-89415AEFBA99}.Ad-Hoc|Mixed Platforms.ActiveCfg = Release|Any CPU
		{7643C4E2-1191-47B2-84B7-89415AEFBA99}.Ad-Hoc|Mixed Platforms.Build.0 = Release|Any CPU
		{7643C4E2-1191-47B2-84B7-89415AEFBA99}.Ad-Hoc|x86.ActiveCfg = Release|Any CPU
		{7643C4E2-1191-47B2-84B7-89415AEFBA99}.AppStore|Any CPU.ActiveCfg = Release|Any CPU
		{7643C4E2-1191-47B2-84B7-89415AEFBA99}.AppStore|Any CPU.Build.0 = Release|Any CPU
		{7643C4E2-1191-47B2-84B7-89415AEFBA99}.AppStore|ARM.ActiveCfg = Release|Any CPU
		{7643C4E2-1191-47B2-84B7-89415AEFBA99}.AppStore|iPhone.ActiveCfg = Release|Any CPU
		{7643C4E2-1191-47B2-84B7-89415AEFBA99}.AppStore|iPhoneSimulator.ActiveCfg = Release|Any CPU
		{7643C4E2-1191-47B2-84B7-89415AEFBA99}.AppStore|Mixed Platforms.ActiveCfg = Release|Any CPU
		{7643C4E2-1191-47B2-84B7-89415AEFBA99}.AppStore|Mixed Platforms.Build.0 = Release|Any CPU
		{7643C4E2-1191-47B2-84B7-89415AEFBA99}.AppStore|x86.ActiveCfg = Release|Any CPU
		{7643C4E2-1191-47B2-84B7-89415AEFBA99}.Debug|Any CPU.ActiveCfg = Debug|Any CPU
		{7643C4E2-1191-47B2-84B7-89415AEFBA99}.Debug|Any CPU.Build.0 = Debug|Any CPU
		{7643C4E2-1191-47B2-84B7-89415AEFBA99}.Debug|ARM.ActiveCfg = Debug|Any CPU
		{7643C4E2-1191-47B2-84B7-89415AEFBA99}.Debug|iPhone.ActiveCfg = Debug|Any CPU
		{7643C4E2-1191-47B2-84B7-89415AEFBA99}.Debug|iPhoneSimulator.ActiveCfg = Debug|Any CPU
		{7643C4E2-1191-47B2-84B7-89415AEFBA99}.Debug|iPhoneSimulator.Build.0 = Debug|Any CPU
		{7643C4E2-1191-47B2-84B7-89415AEFBA99}.Debug|Mixed Platforms.ActiveCfg = Debug|Any CPU
		{7643C4E2-1191-47B2-84B7-89415AEFBA99}.Debug|Mixed Platforms.Build.0 = Debug|Any CPU
		{7643C4E2-1191-47B2-84B7-89415AEFBA99}.Debug|x86.ActiveCfg = Debug|Any CPU
		{7643C4E2-1191-47B2-84B7-89415AEFBA99}.Release|Any CPU.ActiveCfg = Release|Any CPU
		{7643C4E2-1191-47B2-84B7-89415AEFBA99}.Release|Any CPU.Build.0 = Release|Any CPU
		{7643C4E2-1191-47B2-84B7-89415AEFBA99}.Release|ARM.ActiveCfg = Release|Any CPU
		{7643C4E2-1191-47B2-84B7-89415AEFBA99}.Release|iPhone.ActiveCfg = Release|Any CPU
		{7643C4E2-1191-47B2-84B7-89415AEFBA99}.Release|iPhoneSimulator.ActiveCfg = Release|Any CPU
		{7643C4E2-1191-47B2-84B7-89415AEFBA99}.Release|Mixed Platforms.ActiveCfg = Release|Any CPU
		{7643C4E2-1191-47B2-84B7-89415AEFBA99}.Release|Mixed Platforms.Build.0 = Release|Any CPU
		{7643C4E2-1191-47B2-84B7-89415AEFBA99}.Release|x86.ActiveCfg = Release|Any CPU
		{5B87C87E-2FF9-4856-9144-077DDD663921}.Ad-Hoc|Any CPU.ActiveCfg = Ad-Hoc|iPhone
		{5B87C87E-2FF9-4856-9144-077DDD663921}.Ad-Hoc|ARM.ActiveCfg = Ad-Hoc|iPhone
		{5B87C87E-2FF9-4856-9144-077DDD663921}.Ad-Hoc|iPhone.ActiveCfg = Ad-Hoc|iPhone
		{5B87C87E-2FF9-4856-9144-077DDD663921}.Ad-Hoc|iPhone.Build.0 = Ad-Hoc|iPhone
		{5B87C87E-2FF9-4856-9144-077DDD663921}.Ad-Hoc|iPhoneSimulator.ActiveCfg = Ad-Hoc|iPhoneSimulator
		{5B87C87E-2FF9-4856-9144-077DDD663921}.Ad-Hoc|iPhoneSimulator.Build.0 = Ad-Hoc|iPhoneSimulator
		{5B87C87E-2FF9-4856-9144-077DDD663921}.Ad-Hoc|Mixed Platforms.ActiveCfg = Ad-Hoc|iPhone
		{5B87C87E-2FF9-4856-9144-077DDD663921}.Ad-Hoc|Mixed Platforms.Build.0 = Ad-Hoc|iPhone
		{5B87C87E-2FF9-4856-9144-077DDD663921}.Ad-Hoc|x86.ActiveCfg = Ad-Hoc|iPhone
		{5B87C87E-2FF9-4856-9144-077DDD663921}.AppStore|Any CPU.ActiveCfg = AppStore|iPhone
		{5B87C87E-2FF9-4856-9144-077DDD663921}.AppStore|ARM.ActiveCfg = AppStore|iPhone
		{5B87C87E-2FF9-4856-9144-077DDD663921}.AppStore|iPhone.ActiveCfg = AppStore|iPhone
		{5B87C87E-2FF9-4856-9144-077DDD663921}.AppStore|iPhone.Build.0 = AppStore|iPhone
		{5B87C87E-2FF9-4856-9144-077DDD663921}.AppStore|iPhoneSimulator.ActiveCfg = AppStore|iPhoneSimulator
		{5B87C87E-2FF9-4856-9144-077DDD663921}.AppStore|iPhoneSimulator.Build.0 = AppStore|iPhoneSimulator
		{5B87C87E-2FF9-4856-9144-077DDD663921}.AppStore|Mixed Platforms.ActiveCfg = AppStore|iPhone
		{5B87C87E-2FF9-4856-9144-077DDD663921}.AppStore|Mixed Platforms.Build.0 = AppStore|iPhone
		{5B87C87E-2FF9-4856-9144-077DDD663921}.AppStore|x86.ActiveCfg = AppStore|iPhone
		{5B87C87E-2FF9-4856-9144-077DDD663921}.Debug|Any CPU.ActiveCfg = Debug|iPhone
		{5B87C87E-2FF9-4856-9144-077DDD663921}.Debug|ARM.ActiveCfg = Debug|iPhone
		{5B87C87E-2FF9-4856-9144-077DDD663921}.Debug|iPhone.ActiveCfg = Debug|iPhone
		{5B87C87E-2FF9-4856-9144-077DDD663921}.Debug|iPhone.Build.0 = Debug|iPhone
		{5B87C87E-2FF9-4856-9144-077DDD663921}.Debug|iPhoneSimulator.ActiveCfg = Debug|iPhoneSimulator
		{5B87C87E-2FF9-4856-9144-077DDD663921}.Debug|iPhoneSimulator.Build.0 = Debug|iPhoneSimulator
		{5B87C87E-2FF9-4856-9144-077DDD663921}.Debug|Mixed Platforms.ActiveCfg = Debug|iPhone
		{5B87C87E-2FF9-4856-9144-077DDD663921}.Debug|Mixed Platforms.Build.0 = Debug|iPhone
		{5B87C87E-2FF9-4856-9144-077DDD663921}.Debug|x86.ActiveCfg = Debug|iPhone
		{5B87C87E-2FF9-4856-9144-077DDD663921}.Release|Any CPU.ActiveCfg = Release|iPhone
		{5B87C87E-2FF9-4856-9144-077DDD663921}.Release|ARM.ActiveCfg = Release|iPhone
		{5B87C87E-2FF9-4856-9144-077DDD663921}.Release|iPhone.ActiveCfg = Release|iPhone
		{5B87C87E-2FF9-4856-9144-077DDD663921}.Release|iPhone.Build.0 = Release|iPhone
		{5B87C87E-2FF9-4856-9144-077DDD663921}.Release|iPhoneSimulator.ActiveCfg = Release|iPhoneSimulator
		{5B87C87E-2FF9-4856-9144-077DDD663921}.Release|iPhoneSimulator.Build.0 = Release|iPhoneSimulator
		{5B87C87E-2FF9-4856-9144-077DDD663921}.Release|Mixed Platforms.ActiveCfg = Release|iPhone
		{5B87C87E-2FF9-4856-9144-077DDD663921}.Release|Mixed Platforms.Build.0 = Release|iPhone
		{5B87C87E-2FF9-4856-9144-077DDD663921}.Release|x86.ActiveCfg = Release|iPhone
		{E6961890-5C45-4674-96F5-F6AB09BE5C5A}.Ad-Hoc|Any CPU.ActiveCfg = Release|Any CPU
		{E6961890-5C45-4674-96F5-F6AB09BE5C5A}.Ad-Hoc|Any CPU.Build.0 = Release|Any CPU
		{E6961890-5C45-4674-96F5-F6AB09BE5C5A}.Ad-Hoc|Any CPU.Deploy.0 = Release|Any CPU
		{E6961890-5C45-4674-96F5-F6AB09BE5C5A}.Ad-Hoc|ARM.ActiveCfg = Release|Any CPU
		{E6961890-5C45-4674-96F5-F6AB09BE5C5A}.Ad-Hoc|iPhone.ActiveCfg = Release|Any CPU
		{E6961890-5C45-4674-96F5-F6AB09BE5C5A}.Ad-Hoc|iPhoneSimulator.ActiveCfg = Release|Any CPU
		{E6961890-5C45-4674-96F5-F6AB09BE5C5A}.Ad-Hoc|Mixed Platforms.ActiveCfg = Release|Any CPU
		{E6961890-5C45-4674-96F5-F6AB09BE5C5A}.Ad-Hoc|Mixed Platforms.Build.0 = Release|Any CPU
		{E6961890-5C45-4674-96F5-F6AB09BE5C5A}.Ad-Hoc|Mixed Platforms.Deploy.0 = Release|Any CPU
		{E6961890-5C45-4674-96F5-F6AB09BE5C5A}.Ad-Hoc|x86.ActiveCfg = Release|Any CPU
		{E6961890-5C45-4674-96F5-F6AB09BE5C5A}.AppStore|Any CPU.ActiveCfg = Release|Any CPU
		{E6961890-5C45-4674-96F5-F6AB09BE5C5A}.AppStore|Any CPU.Build.0 = Release|Any CPU
		{E6961890-5C45-4674-96F5-F6AB09BE5C5A}.AppStore|Any CPU.Deploy.0 = Release|Any CPU
		{E6961890-5C45-4674-96F5-F6AB09BE5C5A}.AppStore|ARM.ActiveCfg = Release|Any CPU
		{E6961890-5C45-4674-96F5-F6AB09BE5C5A}.AppStore|iPhone.ActiveCfg = Release|Any CPU
		{E6961890-5C45-4674-96F5-F6AB09BE5C5A}.AppStore|iPhoneSimulator.ActiveCfg = Release|Any CPU
		{E6961890-5C45-4674-96F5-F6AB09BE5C5A}.AppStore|Mixed Platforms.ActiveCfg = Release|Any CPU
		{E6961890-5C45-4674-96F5-F6AB09BE5C5A}.AppStore|Mixed Platforms.Build.0 = Release|Any CPU
		{E6961890-5C45-4674-96F5-F6AB09BE5C5A}.AppStore|Mixed Platforms.Deploy.0 = Release|Any CPU
		{E6961890-5C45-4674-96F5-F6AB09BE5C5A}.AppStore|x86.ActiveCfg = Release|Any CPU
		{E6961890-5C45-4674-96F5-F6AB09BE5C5A}.Debug|Any CPU.ActiveCfg = Debug|Any CPU
		{E6961890-5C45-4674-96F5-F6AB09BE5C5A}.Debug|Any CPU.Build.0 = Debug|Any CPU
		{E6961890-5C45-4674-96F5-F6AB09BE5C5A}.Debug|Any CPU.Deploy.0 = Debug|Any CPU
		{E6961890-5C45-4674-96F5-F6AB09BE5C5A}.Debug|ARM.ActiveCfg = Debug|Any CPU
		{E6961890-5C45-4674-96F5-F6AB09BE5C5A}.Debug|iPhone.ActiveCfg = Debug|Any CPU
		{E6961890-5C45-4674-96F5-F6AB09BE5C5A}.Debug|iPhoneSimulator.ActiveCfg = Debug|Any CPU
		{E6961890-5C45-4674-96F5-F6AB09BE5C5A}.Debug|Mixed Platforms.ActiveCfg = Debug|Any CPU
		{E6961890-5C45-4674-96F5-F6AB09BE5C5A}.Debug|Mixed Platforms.Build.0 = Debug|Any CPU
		{E6961890-5C45-4674-96F5-F6AB09BE5C5A}.Debug|Mixed Platforms.Deploy.0 = Debug|Any CPU
		{E6961890-5C45-4674-96F5-F6AB09BE5C5A}.Debug|x86.ActiveCfg = Debug|Any CPU
		{E6961890-5C45-4674-96F5-F6AB09BE5C5A}.Release|Any CPU.ActiveCfg = Release|Any CPU
		{E6961890-5C45-4674-96F5-F6AB09BE5C5A}.Release|Any CPU.Build.0 = Release|Any CPU
		{E6961890-5C45-4674-96F5-F6AB09BE5C5A}.Release|Any CPU.Deploy.0 = Release|Any CPU
		{E6961890-5C45-4674-96F5-F6AB09BE5C5A}.Release|ARM.ActiveCfg = Release|Any CPU
		{E6961890-5C45-4674-96F5-F6AB09BE5C5A}.Release|iPhone.ActiveCfg = Release|Any CPU
		{E6961890-5C45-4674-96F5-F6AB09BE5C5A}.Release|iPhoneSimulator.ActiveCfg = Release|Any CPU
		{E6961890-5C45-4674-96F5-F6AB09BE5C5A}.Release|Mixed Platforms.ActiveCfg = Release|Any CPU
		{E6961890-5C45-4674-96F5-F6AB09BE5C5A}.Release|Mixed Platforms.Build.0 = Release|Any CPU
		{E6961890-5C45-4674-96F5-F6AB09BE5C5A}.Release|Mixed Platforms.Deploy.0 = Release|Any CPU
		{E6961890-5C45-4674-96F5-F6AB09BE5C5A}.Release|x86.ActiveCfg = Release|Any CPU
		{DD8CFCFC-D40B-4876-AFDE-1CDE19DCC9A0}.Ad-Hoc|Any CPU.ActiveCfg = Release|Any CPU
		{DD8CFCFC-D40B-4876-AFDE-1CDE19DCC9A0}.Ad-Hoc|Any CPU.Build.0 = Release|Any CPU
		{DD8CFCFC-D40B-4876-AFDE-1CDE19DCC9A0}.Ad-Hoc|Any CPU.Deploy.0 = Release|Any CPU
		{DD8CFCFC-D40B-4876-AFDE-1CDE19DCC9A0}.Ad-Hoc|ARM.ActiveCfg = Release|ARM
		{DD8CFCFC-D40B-4876-AFDE-1CDE19DCC9A0}.Ad-Hoc|ARM.Build.0 = Release|ARM
		{DD8CFCFC-D40B-4876-AFDE-1CDE19DCC9A0}.Ad-Hoc|ARM.Deploy.0 = Release|ARM
		{DD8CFCFC-D40B-4876-AFDE-1CDE19DCC9A0}.Ad-Hoc|iPhone.ActiveCfg = Release|Any CPU
		{DD8CFCFC-D40B-4876-AFDE-1CDE19DCC9A0}.Ad-Hoc|iPhoneSimulator.ActiveCfg = Release|Any CPU
		{DD8CFCFC-D40B-4876-AFDE-1CDE19DCC9A0}.Ad-Hoc|Mixed Platforms.ActiveCfg = Release|x86
		{DD8CFCFC-D40B-4876-AFDE-1CDE19DCC9A0}.Ad-Hoc|Mixed Platforms.Build.0 = Release|x86
		{DD8CFCFC-D40B-4876-AFDE-1CDE19DCC9A0}.Ad-Hoc|Mixed Platforms.Deploy.0 = Release|x86
		{DD8CFCFC-D40B-4876-AFDE-1CDE19DCC9A0}.Ad-Hoc|x86.ActiveCfg = Release|x86
		{DD8CFCFC-D40B-4876-AFDE-1CDE19DCC9A0}.Ad-Hoc|x86.Build.0 = Release|x86
		{DD8CFCFC-D40B-4876-AFDE-1CDE19DCC9A0}.Ad-Hoc|x86.Deploy.0 = Release|x86
		{DD8CFCFC-D40B-4876-AFDE-1CDE19DCC9A0}.AppStore|Any CPU.ActiveCfg = Release|Any CPU
		{DD8CFCFC-D40B-4876-AFDE-1CDE19DCC9A0}.AppStore|Any CPU.Build.0 = Release|Any CPU
		{DD8CFCFC-D40B-4876-AFDE-1CDE19DCC9A0}.AppStore|Any CPU.Deploy.0 = Release|Any CPU
		{DD8CFCFC-D40B-4876-AFDE-1CDE19DCC9A0}.AppStore|ARM.ActiveCfg = Release|ARM
		{DD8CFCFC-D40B-4876-AFDE-1CDE19DCC9A0}.AppStore|ARM.Build.0 = Release|ARM
		{DD8CFCFC-D40B-4876-AFDE-1CDE19DCC9A0}.AppStore|ARM.Deploy.0 = Release|ARM
		{DD8CFCFC-D40B-4876-AFDE-1CDE19DCC9A0}.AppStore|iPhone.ActiveCfg = Release|Any CPU
		{DD8CFCFC-D40B-4876-AFDE-1CDE19DCC9A0}.AppStore|iPhoneSimulator.ActiveCfg = Release|Any CPU
		{DD8CFCFC-D40B-4876-AFDE-1CDE19DCC9A0}.AppStore|Mixed Platforms.ActiveCfg = Release|x86
		{DD8CFCFC-D40B-4876-AFDE-1CDE19DCC9A0}.AppStore|Mixed Platforms.Build.0 = Release|x86
		{DD8CFCFC-D40B-4876-AFDE-1CDE19DCC9A0}.AppStore|Mixed Platforms.Deploy.0 = Release|x86
		{DD8CFCFC-D40B-4876-AFDE-1CDE19DCC9A0}.AppStore|x86.ActiveCfg = Release|x86
		{DD8CFCFC-D40B-4876-AFDE-1CDE19DCC9A0}.AppStore|x86.Build.0 = Release|x86
		{DD8CFCFC-D40B-4876-AFDE-1CDE19DCC9A0}.AppStore|x86.Deploy.0 = Release|x86
		{DD8CFCFC-D40B-4876-AFDE-1CDE19DCC9A0}.Debug|Any CPU.ActiveCfg = Debug|Any CPU
		{DD8CFCFC-D40B-4876-AFDE-1CDE19DCC9A0}.Debug|Any CPU.Build.0 = Debug|Any CPU
		{DD8CFCFC-D40B-4876-AFDE-1CDE19DCC9A0}.Debug|Any CPU.Deploy.0 = Debug|Any CPU
		{DD8CFCFC-D40B-4876-AFDE-1CDE19DCC9A0}.Debug|ARM.ActiveCfg = Debug|ARM
		{DD8CFCFC-D40B-4876-AFDE-1CDE19DCC9A0}.Debug|ARM.Build.0 = Debug|ARM
		{DD8CFCFC-D40B-4876-AFDE-1CDE19DCC9A0}.Debug|ARM.Deploy.0 = Debug|ARM
		{DD8CFCFC-D40B-4876-AFDE-1CDE19DCC9A0}.Debug|iPhone.ActiveCfg = Debug|Any CPU
		{DD8CFCFC-D40B-4876-AFDE-1CDE19DCC9A0}.Debug|iPhoneSimulator.ActiveCfg = Debug|Any CPU
		{DD8CFCFC-D40B-4876-AFDE-1CDE19DCC9A0}.Debug|Mixed Platforms.ActiveCfg = Debug|x86
		{DD8CFCFC-D40B-4876-AFDE-1CDE19DCC9A0}.Debug|Mixed Platforms.Build.0 = Debug|x86
		{DD8CFCFC-D40B-4876-AFDE-1CDE19DCC9A0}.Debug|Mixed Platforms.Deploy.0 = Debug|x86
		{DD8CFCFC-D40B-4876-AFDE-1CDE19DCC9A0}.Debug|x86.ActiveCfg = Debug|x86
		{DD8CFCFC-D40B-4876-AFDE-1CDE19DCC9A0}.Debug|x86.Build.0 = Debug|x86
		{DD8CFCFC-D40B-4876-AFDE-1CDE19DCC9A0}.Debug|x86.Deploy.0 = Debug|x86
		{DD8CFCFC-D40B-4876-AFDE-1CDE19DCC9A0}.Release|Any CPU.ActiveCfg = Release|Any CPU
		{DD8CFCFC-D40B-4876-AFDE-1CDE19DCC9A0}.Release|Any CPU.Build.0 = Release|Any CPU
		{DD8CFCFC-D40B-4876-AFDE-1CDE19DCC9A0}.Release|Any CPU.Deploy.0 = Release|Any CPU
		{DD8CFCFC-D40B-4876-AFDE-1CDE19DCC9A0}.Release|ARM.ActiveCfg = Release|ARM
		{DD8CFCFC-D40B-4876-AFDE-1CDE19DCC9A0}.Release|ARM.Build.0 = Release|ARM
		{DD8CFCFC-D40B-4876-AFDE-1CDE19DCC9A0}.Release|ARM.Deploy.0 = Release|ARM
		{DD8CFCFC-D40B-4876-AFDE-1CDE19DCC9A0}.Release|iPhone.ActiveCfg = Release|Any CPU
		{DD8CFCFC-D40B-4876-AFDE-1CDE19DCC9A0}.Release|iPhoneSimulator.ActiveCfg = Release|Any CPU
		{DD8CFCFC-D40B-4876-AFDE-1CDE19DCC9A0}.Release|Mixed Platforms.ActiveCfg = Release|x86
		{DD8CFCFC-D40B-4876-AFDE-1CDE19DCC9A0}.Release|Mixed Platforms.Build.0 = Release|x86
		{DD8CFCFC-D40B-4876-AFDE-1CDE19DCC9A0}.Release|Mixed Platforms.Deploy.0 = Release|x86
		{DD8CFCFC-D40B-4876-AFDE-1CDE19DCC9A0}.Release|x86.ActiveCfg = Release|x86
		{DD8CFCFC-D40B-4876-AFDE-1CDE19DCC9A0}.Release|x86.Build.0 = Release|x86
		{DD8CFCFC-D40B-4876-AFDE-1CDE19DCC9A0}.Release|x86.Deploy.0 = Release|x86
	EndGlobalSection
	GlobalSection(SolutionProperties) = preSolution
		HideSolutionNode = FALSE
	EndGlobalSection
EndGlobal
